// !$*UTF8*$!
{
	archiveVersion = 1;
	classes = {
	};
	objectVersion = 77;
	objects = {

/* Begin PBXBuildFile section */
		A10000000000000000000001 /* JangolovaMacCore in Frameworks */ = {isa = PBXBuildFile; productRef = A10000000000000000000003 /* JangolovaMacCore */; };
		49FF3996301FE15500A80237 /* AppDelegate.swift in Sources */ = {isa = PBXBuildFile; fileRef = 49FF3995301FE15500A80237 /* AppDelegate.swift */; };
		49FF399A301FE15500A80237 /* Main.html in Resources */ = {isa = PBXBuildFile; fileRef = 49FF3998301FE15500A80237 /* Main.html */; };
		49FF399C301FE15500A80237 /* Icon.png in Resources */ = {isa = PBXBuildFile; fileRef = 49FF399B301FE15500A80237 /* Icon.png */; };
		49FF399E301FE15500A80237 /* Style.css in Resources */ = {isa = PBXBuildFile; fileRef = 49FF399D301FE15500A80237 /* Style.css */; };
		49FF39A0301FE15500A80237 /* Script.js in Resources */ = {isa = PBXBuildFile; fileRef = 49FF399F301FE15500A80237 /* Script.js */; };
		49FF39A2301FE15500A80237 /* ViewController.swift in Sources */ = {isa = PBXBuildFile; fileRef = 49FF39A1301FE15500A80237 /* ViewController.swift */; };
		49FF39A5301FE15500A80237 /* Main.storyboard in Resources */ = {isa = PBXBuildFile; fileRef = 49FF39A3301FE15500A80237 /* Main.storyboard */; };
		49FF39A7301FE15700A80237 /* Assets.xcassets in Resources */ = {isa = PBXBuildFile; fileRef = 49FF39A6301FE15700A80237 /* Assets.xcassets */; };
		49FF39B4301FE15700A80237 /* JangolovaTests.swift in Sources */ = {isa = PBXBuildFile; fileRef = 49FF39B3301FE15700A80237 /* JangolovaTests.swift */; };
		49FF39BE301FE15700A80237 /* JangolovaUITests.swift in Sources */ = {isa = PBXBuildFile; fileRef = 49FF39BD301FE15700A80237 /* JangolovaUITests.swift */; };
		49FF39C0301FE15700A80237 /* JangolovaUITestsLaunchTests.swift in Sources */ = {isa = PBXBuildFile; fileRef = 49FF39BF301FE15700A80237 /* JangolovaUITestsLaunchTests.swift */; };
		49FF39C6301FE15700A80237 /* Jangolova Extension.appex in Embed Foundation Extensions */ = {isa = PBXBuildFile; fileRef = 49FF39C5301FE15700A80237 /* Jangolova Extension.appex */; settings = {ATTRIBUTES = (RemoveHeadersOnCopy, ); }; };
		49FF39CB301FE15700A80237 /* SafariWebExtensionHandler.swift in Sources */ = {isa = PBXBuildFile; fileRef = 49FF39CA301FE15700A80237 /* SafariWebExtensionHandler.swift */; };
		49FF39E7301FE15700A80237 /* control.html in Resources */ = {isa = PBXBuildFile; fileRef = 49FF39DE301FE15700A80237 /* control.html */; };
		49FF39E8301FE15700A80237 /* background.js in Resources */ = {isa = PBXBuildFile; fileRef = 49FF39DF301FE15700A80237 /* background.js */; };
		49FF39E9301FE15700A80237 /* popup.html in Resources */ = {isa = PBXBuildFile; fileRef = 49FF39E0301FE15700A80237 /* popup.html */; };
		49FF39EA301FE15700A80237 /* chunks in Resources */ = {isa = PBXBuildFile; fileRef = 49FF39E1301FE15700A80237 /* chunks */; };
		49FF39EB301FE15700A80237 /* content-scripts in Resources */ = {isa = PBXBuildFile; fileRef = 49FF39E2301FE15700A80237 /* content-scripts */; };
		49FF39EC301FE15700A80237 /* manifest.json in Resources */ = {isa = PBXBuildFile; fileRef = 49FF39E3301FE15700A80237 /* manifest.json */; };
		49FF39ED301FE15700A80237 /* augmentations in Resources */ = {isa = PBXBuildFile; fileRef = 49FF39E4301FE15700A80237 /* augmentations */; };
		49FF39EE301FE15700A80237 /* assets in Resources */ = {isa = PBXBuildFile; fileRef = 49FF39E5301FE15700A80237 /* assets */; };
/* End PBXBuildFile section */

/* Begin PBXContainerItemProxy section */
		49FF39B0301FE15700A80237 /* PBXContainerItemProxy */ = {
			isa = PBXContainerItemProxy;
			containerPortal = 49FF398A301FE15500A80237 /* Project object */;
			proxyType = 1;
			remoteGlobalIDString = 49FF3991301FE15500A80237;
			remoteInfo = Jangolova;
		};
		49FF39BA301FE15700A80237 /* PBXContainerItemProxy */ = {
			isa = PBXContainerItemProxy;
			containerPortal = 49FF398A301FE15500A80237 /* Project object */;
			proxyType = 1;
			remoteGlobalIDString = 49FF3991301FE15500A80237;
			remoteInfo = Jangolova;
		};
		49FF39C7301FE15700A80237 /* PBXContainerItemProxy */ = {
			isa = PBXContainerItemProxy;
			containerPortal = 49FF398A301FE15500A80237 /* Project object */;
			proxyType = 1;
			remoteGlobalIDString = 49FF39C4301FE15700A80237;
			remoteInfo = "Jangolova Extension";
		};
/* End PBXContainerItemProxy section */

/* Begin PBXCopyFilesBuildPhase section */
		49FF39D3301FE15700A80237 /* Embed Foundation Extensions */ = {
			isa = PBXCopyFilesBuildPhase;
			buildActionMask = 2147483647;
			dstPath = "";
			dstSubfolderSpec = 13;
			files = (
				49FF39C6301FE15700A80237 /* Jangolova Extension.appex in Embed Foundation Extensions */,
			);
			name = "Embed Foundation Extensions";
			runOnlyForDeploymentPostprocessing = 0;
		};
/* End PBXCopyFilesBuildPhase section */

/* Begin PBXFileReference section */
		49FF3992301FE15500A80237 /* Jangolova.app */ = {isa = PBXFileReference; explicitFileType = wrapper.application; includeInIndex = 0; path = Jangolova.app; sourceTree = BUILT_PRODUCTS_DIR; };
		49FF3995301FE15500A80237 /* AppDelegate.swift */ = {isa = PBXFileReference; lastKnownFileType = sourcecode.swift; path = AppDelegate.swift; sourceTree = "<group>"; };
		49FF3999301FE15500A80237 /* Base */ = {isa = PBXFileReference; lastKnownFileType = text.html; name = Base; path = Base.lproj/Main.html; sourceTree = "<group>"; };
		49FF399B301FE15500A80237 /* Icon.png */ = {isa = PBXFileReference; lastKnownFileType = image.png; path = Icon.png; sourceTree = "<group>"; };
		49FF399D301FE15500A80237 /* Style.css */ = {isa = PBXFileReference; lastKnownFileType = text.css; path = Style.css; sourceTree = "<group>"; };
		49FF399F301FE15500A80237 /* Script.js */ = {isa = PBXFileReference; lastKnownFileType = sourcecode.javascript; path = Script.js; sourceTree = "<group>"; };
		49FF39A1301FE15500A80237 /* ViewController.swift */ = {isa = PBXFileReference; lastKnownFileType = sourcecode.swift; path = ViewController.swift; sourceTree = "<group>"; };
		49FF39A4301FE15500A80237 /* Base */ = {isa = PBXFileReference; lastKnownFileType = file.storyboard; name = Base; path = Base.lproj/Main.storyboard; sourceTree = "<group>"; };
		49FF39A6301FE15700A80237 /* Assets.xcassets */ = {isa = PBXFileReference; lastKnownFileType = folder.assetcatalog; path = Assets.xcassets; sourceTree = "<group>"; };
		49FF39A8301FE15700A80237 /* Info.plist */ = {isa = PBXFileReference; lastKnownFileType = text.plist.xml; path = Info.plist; sourceTree = "<group>"; };
		49FF39A9301FE15700A80237 /* Jangolova.entitlements */ = {isa = PBXFileReference; lastKnownFileType = text.plist.entitlements; path = Jangolova.entitlements; sourceTree = "<group>"; };
		49FF39AA301FE15700A80237 /* Jangolova.entitlements */ = {isa = PBXFileReference; lastKnownFileType = text.plist.entitlements; path = Jangolova.entitlements; sourceTree = "<group>"; };
		49FF39AF301FE15700A80237 /* JangolovaTests.xctest */ = {isa = PBXFileReference; explicitFileType = wrapper.cfbundle; includeInIndex = 0; path = JangolovaTests.xctest; sourceTree = BUILT_PRODUCTS_DIR; };
		49FF39B3301FE15700A80237 /* JangolovaTests.swift */ = {isa = PBXFileReference; lastKnownFileType = sourcecode.swift; path = JangolovaTests.swift; sourceTree = "<group>"; };
		49FF39B9301FE15700A80237 /* JangolovaUITests.xctest */ = {isa = PBXFileReference; explicitFileType = wrapper.cfbundle; includeInIndex = 0; path = JangolovaUITests.xctest; sourceTree = BUILT_PRODUCTS_DIR; };
		49FF39BD301FE15700A80237 /* JangolovaUITests.swift */ = {isa = PBXFileReference; lastKnownFileType = sourcecode.swift; path = JangolovaUITests.swift; sourceTree = "<group>"; };
		49FF39BF301FE15700A80237 /* JangolovaUITestsLaunchTests.swift */ = {isa = PBXFileReference; lastKnownFileType = sourcecode.swift; path = JangolovaUITestsLaunchTests.swift; sourceTree = "<group>"; };
		49FF39C5301FE15700A80237 /* Jangolova Extension.appex */ = {isa = PBXFileReference; explicitFileType = "wrapper.app-extension"; includeInIndex = 0; path = "Jangolova Extension.appex"; sourceTree = BUILT_PRODUCTS_DIR; };
		49FF39CA301FE15700A80237 /* SafariWebExtensionHandler.swift */ = {isa = PBXFileReference; lastKnownFileType = sourcecode.swift; path = SafariWebExtensionHandler.swift; sourceTree = "<group>"; };
		49FF39CC301FE15700A80237 /* Info.plist */ = {isa = PBXFileReference; lastKnownFileType = text.plist.xml; path = Info.plist; sourceTree = "<group>"; };
		49FF39CD301FE15700A80237 /* Jangolova_Extension.entitlements */ = {isa = PBXFileReference; lastKnownFileType = text.plist.entitlements; path = Jangolova_Extension.entitlements; sourceTree = "<group>"; };
		49FF39DE301FE15700A80237 /* control.html */ = {isa = PBXFileReference; lastKnownFileType = text.html; name = control.html; path = Resources/control.html; sourceTree = "<group>"; };
		49FF39DF301FE15700A80237 /* background.js */ = {isa = PBXFileReference; lastKnownFileType = sourcecode.javascript; name = background.js; path = Resources/background.js; sourceTree = "<group>"; };
		49FF39E0301FE15700A80237 /* popup.html */ = {isa = PBXFileReference; lastKnownFileType = text.html; name = popup.html; path = Resources/popup.html; sourceTree = "<group>"; };
		49FF39E1301FE15700A80237 /* chunks */ = {isa = PBXFileReference; lastKnownFileType = folder; name = chunks; path = Resources/chunks; sourceTree = "<group>"; };
		49FF39E2301FE15700A80237 /* content-scripts */ = {isa = PBXFileReference; lastKnownFileType = folder; name = "content-scripts"; path = "Resources/content-scripts"; sourceTree = "<group>"; };
		49FF39E3301FE15700A80237 /* manifest.json */ = {isa = PBXFileReference; lastKnownFileType = text.json; name = manifest.json; path = Resources/manifest.json; sourceTree = "<group>"; };
		49FF39E4301FE15700A80237 /* augmentations */ = {isa = PBXFileReference; lastKnownFileType = folder; name = augmentations; path = Resources/augmentations; sourceTree = "<group>"; };
		49FF39E5301FE15700A80237 /* assets */ = {isa = PBXFileReference; lastKnownFileType = folder; name = assets; path = Resources/assets; sourceTree = "<group>"; };
/* End PBXFileReference section */

/* Begin PBXFrameworksBuildPhase section */
		49FF398F301FE15500A80237 /* Frameworks */ = {
			isa = PBXFrameworksBuildPhase;
			buildActionMask = 2147483647;
			files = (
				A10000000000000000000001 /* JangolovaMacCore in Frameworks */,
			);
			runOnlyForDeploymentPostprocessing = 0;
		};
		49FF39AC301FE15700A80237 /* Frameworks */ = {
			isa = PBXFrameworksBuildPhase;
			buildActionMask = 2147483647;
			files = (
			);
			runOnlyForDeploymentPostprocessing = 0;
		};
		49FF39B6301FE15700A80237 /* Frameworks */ = {
			isa = PBXFrameworksBuildPhase;
			buildActionMask = 2147483647;
			files = (
			);
			runOnlyForDeploymentPostprocessing = 0;
		};
		49FF39C2301FE15700A80237 /* Frameworks */ = {
			isa = PBXFrameworksBuildPhase;
			buildActionMask = 2147483647;
			files = (
			);
			runOnlyForDeploymentPostprocessing = 0;
		};
/* End PBXFrameworksBuildPhase section */

/* Begin PBXGroup section */
		49FF3989301FE15500A80237 = {
			isa = PBXGroup;
			children = (
				49FF3994301FE15500A80237 /* Jangolova */,
				49FF39B2301FE15700A80237 /* JangolovaTests */,
				49FF39BC301FE15700A80237 /* JangolovaUITests */,
				49FF39C9301FE15700A80237 /* Jangolova Extension */,
				49FF3993301FE15500A80237 /* Products */,
			);
			sourceTree = "<group>";
		};
		49FF3993301FE15500A80237 /* Products */ = {
			isa = PBXGroup;
			children = (
				49FF3992301FE15500A80237 /* Jangolova.app */,
				49FF39AF301FE15700A80237 /* JangolovaTests.xctest */,
				49FF39B9301FE15700A80237 /* JangolovaUITests.xctest */,
				49FF39C5301FE15700A80237 /* Jangolova Extension.appex */,
			);
			name = Products;
			sourceTree = "<group>";
		};
		49FF3994301FE15500A80237 /* Jangolova */ = {
			isa = PBXGroup;
			children = (
				49FF3995301FE15500A80237 /* AppDelegate.swift */,
				49FF39A1301FE15500A80237 /* ViewController.swift */,
				49FF39A3301FE15500A80237 /* Main.storyboard */,
				49FF39A6301FE15700A80237 /* Assets.xcassets */,
				49FF39A8301FE15700A80237 /* Info.plist */,
				49FF39A9301FE15700A80237 /* Jangolova.entitlements */,
				49FF39AA301FE15700A80237 /* Jangolova.entitlements */,
				49FF3997301FE15500A80237 /* Resources */,
			);
			path = Jangolova;
			sourceTree = "<group>";
		};
		49FF3997301FE15500A80237 /* Resources */ = {
			isa = PBXGroup;
			children = (
				49FF3998301FE15500A80237 /* Main.html */,
				49FF399B301FE15500A80237 /* Icon.png */,
				49FF399D301FE15500A80237 /* Style.css */,
				49FF399F301FE15500A80237 /* Script.js */,
			);
			path = Resources;
			sourceTree = "<group>";
		};
		49FF39B2301FE15700A80237 /* JangolovaTests */ = {
			isa = PBXGroup;
			children = (
				49FF39B3301FE15700A80237 /* JangolovaTests.swift */,
			);
			path = JangolovaTests;
			sourceTree = "<group>";
		};
		49FF39BC301FE15700A80237 /* JangolovaUITests */ = {
			isa = PBXGroup;
			children = (
				49FF39BD301FE15700A80237 /* JangolovaUITests.swift */,
				49FF39BF301FE15700A80237 /* JangolovaUITestsLaunchTests.swift */,
			);
			path = JangolovaUITests;
			sourceTree = "<group>";
		};
		49FF39C9301FE15700A80237 /* Jangolova Extension */ = {
			isa = PBXGroup;
			children = (
				49FF39DD301FE15700A80237 /* Resources */,
				49FF39CA301FE15700A80237 /* SafariWebExtensionHandler.swift */,
				49FF39CC301FE15700A80237 /* Info.plist */,
				49FF39CD301FE15700A80237 /* Jangolova_Extension.entitlements */,
			);
			path = "Jangolova Extension";
			sourceTree = "<group>";
		};
		49FF39DD301FE15700A80237 /* Resources */ = {
			isa = PBXGroup;
			children = (
				49FF39DE301FE15700A80237 /* control.html */,
				49FF39DF301FE15700A80237 /* background.js */,
				49FF39E0301FE15700A80237 /* popup.html */,
				49FF39E1301FE15700A80237 /* chunks */,
				49FF39E2301FE15700A80237 /* content-scripts */,
				49FF39E3301FE15700A80237 /* manifest.json */,
				49FF39E4301FE15700A80237 /* augmentations */,
				49FF39E5301FE15700A80237 /* assets */,
			);
			name = Resources;
			path = "Jangolova Extension";
			sourceTree = SOURCE_ROOT;
		};
/* End PBXGroup section */

/* Begin PBXNativeTarget section */
		49FF3991301FE15500A80237 /* Jangolova */ = {
			isa = PBXNativeTarget;
			buildConfigurationList = 49FF39D4301FE15700A80237 /* Build configuration list for PBXNativeTarget "Jangolova" */;
			buildPhases = (
				49FF398E301FE15500A80237 /* Sources */,
				49FF398F301FE15500A80237 /* Frameworks */,
				49FF3990301FE15500A80237 /* Resources */,
				49FF39D3301FE15700A80237 /* Embed Foundation Extensions */,
			);
			buildRules = (
			);
			dependencies = (
				49FF39C8301FE15700A80237 /* PBXTargetDependency */,
			);
			name = Jangolova;
			packageProductDependencies = (
				A10000000000000000000003 /* JangolovaMacCore */,
			);
			productName = Jangolova;
			productReference = 49FF3992301FE15500A80237 /* Jangolova.app */;
			productType = "com.apple.product-type.application";
		};
		49FF39AE301FE15700A80237 /* JangolovaTests */ = {
			isa = PBXNativeTarget;
			buildConfigurationList = 49FF39D7301FE15700A80237 /* Build configuration list for PBXNativeTarget "JangolovaTests" */;
			buildPhases = (
				49FF39AB301FE15700A80237 /* Sources */,
				49FF39AC301FE15700A80237 /* Frameworks */,
				49FF39AD301FE15700A80237 /* Resources */,
			);
			buildRules = (
			);
			dependencies = (
				49FF39B1301FE15700A80237 /* PBXTargetDependency */,
			);
			name = JangolovaTests;
			packageProductDependencies = (
			);
			productName = JangolovaTests;
			productReference = 49FF39AF301FE15700A80237 /* JangolovaTests.xctest */;
			productType = "com.apple.product-type.bundle.unit-test";
		};
		49FF39B8301FE15700A80237 /* JangolovaUITests */ = {
			isa = PBXNativeTarget;
			buildConfigurationList = 49FF39DA301FE15700A80237 /* Build configuration list for PBXNativeTarget "JangolovaUITests" */;
			buildPhases = (
				49FF39B5301FE15700A80237 /* Sources */,
				49FF39B6301FE15700A80237 /* Frameworks */,
				49FF39B7301FE15700A80237 /* Resources */,
			);
			buildRules = (
			);
			dependencies = (
				49FF39BB301FE15700A80237 /* PBXTargetDependency */,
			);
			name = JangolovaUITests;
			packageProductDependencies = (
			);
			productName = JangolovaUITests;
			productReference = 49FF39B9301FE15700A80237 /* JangolovaUITests.xctest */;
			productType = "com.apple.product-type.bundle.ui-testing";
		};
		49FF39C4301FE15700A80237 /* Jangolova Extension */ = {
			isa = PBXNativeTarget;
			buildConfigurationList = 49FF39D0301FE15700A80237 /* Build configuration list for PBXNativeTarget "Jangolova Extension" */;
			buildPhases = (
				49FF39C1301FE15700A80237 /* Sources */,
				49FF39C2301FE15700A80237 /* Frameworks */,
				49FF39C3301FE15700A80237 /* Resources */,
			);
			buildRules = (
			);
			dependencies = (
			);
			name = "Jangolova Extension";
			packageProductDependencies = (
			);
			productName = "Jangolova Extension";
			productReference = 49FF39C5301FE15700A80237 /* Jangolova Extension.appex */;
			productType = "com.apple.product-type.app-extension";
		};
/* End PBXNativeTarget section */

/* Begin PBXProject section */
		49FF398A301FE15500A80237 /* Project object */ = {
			isa = PBXProject;
			attributes = {
				BuildIndependentTargetsInParallel = 1;
				LastSwiftUpdateCheck = 1620;
				LastUpgradeCheck = 1620;
				TargetAttributes = {
					49FF3991301FE15500A80237 = {
						CreatedOnToolsVersion = 16.2;
					};
					49FF39AE301FE15700A80237 = {
						CreatedOnToolsVersion = 16.2;
						TestTargetID = 49FF3991301FE15500A80237;
					};
					49FF39B8301FE15700A80237 = {
						CreatedOnToolsVersion = 16.2;
						TestTargetID = 49FF3991301FE15500A80237;
					};
					49FF39C4301FE15700A80237 = {
						CreatedOnToolsVersion = 16.2;
					};
				};
			};
			buildConfigurationList = 49FF398D301FE15500A80237 /* Build configuration list for PBXProject "Jangolova" */;
			developmentRegion = en;
			hasScannedForEncodings = 0;
			knownRegions = (
				en,
				Base,
			);
			mainGroup = 49FF3989301FE15500A80237;
			minimizedProjectReferenceProxies = 1;
			preferredProjectObjectVersion = 77;
			productRefGroup = 49FF3993301FE15500A80237 /* Products */;
			packageReferences = (
				A10000000000000000000002 /* XCLocalSwiftPackageReference "macos-ext" */,
			);
			projectDirPath = "";
			projectRoot = "";
			targets = (
				49FF3991301FE15500A80237 /* Jangolova */,
				49FF39AE301FE15700A80237 /* JangolovaTests */,
				49FF39B8301FE15700A80237 /* JangolovaUITests */,
				49FF39C4301FE15700A80237 /* Jangolova Extension */,
			);
		};
/* End PBXProject section */

/* Begin PBXResourcesBuildPhase section */
		49FF3990301FE15500A80237 /* Resources */ = {
			isa = PBXResourcesBuildPhase;
			buildActionMask = 2147483647;
			files = (
				49FF399C301FE15500A80237 /* Icon.png in Resources */,
				49FF39A5301FE15500A80237 /* Main.storyboard in Resources */,
				49FF39A0301FE15500A80237 /* Script.js in Resources */,
				49FF399A301FE15500A80237 /* Main.html in Resources */,
				49FF39A7301FE15700A80237 /* Assets.xcassets in Resources */,
				49FF399E301FE15500A80237 /* Style.css in Resources */,
			);
			runOnlyForDeploymentPostprocessing = 0;
		};
		49FF39AD301FE15700A80237 /* Resources */ = {
			isa = PBXResourcesBuildPhase;
			buildActionMask = 2147483647;
			files = (
			);
			runOnlyForDeploymentPostprocessing = 0;
		};
		49FF39B7301FE15700A80237 /* Resources */ = {
			isa = PBXResourcesBuildPhase;
			buildActionMask = 2147483647;
			files = (
			);
			runOnlyForDeploymentPostprocessing = 0;
		};
		49FF39C3301FE15700A80237 /* Resources */ = {
			isa = PBXResourcesBuildPhase;
			buildActionMask = 2147483647;
			files = (
				49FF39E8301FE15700A80237 /* background.js in Resources */,
				49FF39EE301FE15700A80237 /* assets in Resources */,
				49FF39E9301FE15700A80237 /* popup.html in Resources */,
				49FF39EA301FE15700A80237 /* chunks in Resources */,
				49FF39E7301FE15700A80237 /* control.html in Resources */,
				49FF39EC301FE15700A80237 /* manifest.json in Resources */,
				49FF39ED301FE15700A80237 /* augmentations in Resources */,
				49FF39EB301FE15700A80237 /* content-scripts in Resources */,
			);
			runOnlyForDeploymentPostprocessing = 0;
		};
/* End PBXResourcesBuildPhase section */

/* Begin PBXSourcesBuildPhase section */
		49FF398E301FE15500A80237 /* Sources */ = {
			isa = PBXSourcesBuildPhase;
			buildActionMask = 2147483647;
			files = (
				49FF39A2301FE15500A80237 /* ViewController.swift in Sources */,
				49FF3996301FE15500A80237 /* AppDelegate.swift in Sources */,
			);
			runOnlyForDeploymentPostprocessing = 0;
		};
		49FF39AB301FE15700A80237 /* Sources */ = {
			isa = PBXSourcesBuildPhase;
			buildActionMask = 2147483647;
			files = (
				49FF39B4301FE15700A80237 /* JangolovaTests.swift in Sources */,
			);
			runOnlyForDeploymentPostprocessing = 0;
		};
		49FF39B5301FE15700A80237 /* Sources */ = {
			isa = PBXSourcesBuildPhase;
			buildActionMask = 2147483647;
			files = (
				49FF39C0301FE15700A80237 /* JangolovaUITestsLaunchTests.swift in Sources */,
				49FF39BE301FE15700A80237 /* JangolovaUITests.swift in Sources */,
			);
			runOnlyForDeploymentPostprocessing = 0;
		};
		49FF39C1301FE15700A80237 /* Sources */ = {
			isa = PBXSourcesBuildPhase;
			buildActionMask = 2147483647;
			files = (
				49FF39CB301FE15700A80237 /* SafariWebExtensionHandler.swift in Sources */,
			);
			runOnlyForDeploymentPostprocessing = 0;
		};
/* End PBXSourcesBuildPhase section */

/* Begin PBXTargetDependency section */
		49FF39B1301FE15700A80237 /* PBXTargetDependency */ = {
			isa = PBXTargetDependency;
			target = 49FF3991301FE15500A80237 /* Jangolova */;
			targetProxy = 49FF39B0301FE15700A80237 /* PBXContainerItemProxy */;
		};
		49FF39BB301FE15700A80237 /* PBXTargetDependency */ = {
			isa = PBXTargetDependency;
			target = 49FF3991301FE15500A80237 /* Jangolova */;
			targetProxy = 49FF39BA301FE15700A80237 /* PBXContainerItemProxy */;
		};
		49FF39C8301FE15700A80237 /* PBXTargetDependency */ = {
			isa = PBXTargetDependency;
			target = 49FF39C4301FE15700A80237 /* Jangolova Extension */;
			targetProxy = 49FF39C7301FE15700A80237 /* PBXContainerItemProxy */;
		};
/* End PBXTargetDependency section */

/* Begin PBXVariantGroup section */
		49FF3998301FE15500A80237 /* Main.html */ = {
			isa = PBXVariantGroup;
			children = (
				49FF3999301FE15500A80237 /* Base */,
			);
			name = Main.html;
			sourceTree = "<group>";
		};
		49FF39A3301FE15500A80237 /* Main.storyboard */ = {
			isa = PBXVariantGroup;
			children = (
				49FF39A4301FE15500A80237 /* Base */,
			);
			name = Main.storyboard;
			sourceTree = "<group>";
		};
/* End PBXVariantGroup section */

/* Begin XCBuildConfiguration section */
		49FF39CE301FE15700A80237 /* Debug */ = {
			isa = XCBuildConfiguration;
			buildSettings = {
				ALWAYS_SEARCH_USER_PATHS = NO;
				ASSETCATALOG_COMPILER_GENERATE_SWIFT_ASSET_SYMBOL_EXTENSIONS = YES;
				CLANG_ANALYZER_NONNULL = YES;
				CLANG_ANALYZER_NUMBER_OBJECT_CONVERSION = YES_AGGRESSIVE;
				CLANG_CXX_LANGUAGE_STANDARD = "gnu++20";
				CLANG_ENABLE_MODULES = YES;
				CLANG_ENABLE_OBJC_ARC = YES;
				CLANG_ENABLE_OBJC_WEAK = YES;
				CLANG_WARN_BLOCK_CAPTURE_AUTORELEASING = YES;
				CLANG_WARN_BOOL_CONVERSION = YES;
				CLANG_WARN_COMMA = YES;
				CLANG_WARN_CONSTANT_CONVERSION = YES;
				CLANG_WARN_DEPRECATED_OBJC_IMPLEMENTATIONS = YES;
				CLANG_WARN_DIRECT_OBJC_ISA_USAGE = YES_ERROR;
				CLANG_WARN_DOCUMENTATION_COMMENTS = YES;
				CLANG_WARN_EMPTY_BODY = YES;
				CLANG_WARN_ENUM_CONVERSION = YES;
				CLANG_WARN_INFINITE_RECURSION = YES;
				CLANG_WARN_INT_CONVERSION = YES;
				CLANG_WARN_NON_LITERAL_NULL_CONVERSION = YES;
				CLANG_WARN_OBJC_IMPLICIT_RETAIN_SELF = YES;
				CLANG_WARN_OBJC_LITERAL_CONVERSION = YES;
				CLANG_WARN_OBJC_ROOT_CLASS = YES_ERROR;
				CLANG_WARN_QUOTED_INCLUDE_IN_FRAMEWORK_HEADER = YES;
				CLANG_WARN_RANGE_LOOP_ANALYSIS = YES;
				CLANG_WARN_STRICT_PROTOTYPES = YES;
				CLANG_WARN_SUSPICIOUS_MOVE = YES;
				CLANG_WARN_UNGUARDED_AVAILABILITY = YES_AGGRESSIVE;
				CLANG_WARN_UNREACHABLE_CODE = YES;
				CLANG_WARN__DUPLICATE_METHOD_MATCH = YES;
				COPY_PHASE_STRIP = NO;
				DEBUG_INFORMATION_FORMAT = dwarf;
				ENABLE_STRICT_OBJC_MSGSEND = YES;
				ENABLE_TESTABILITY = YES;
				ENABLE_USER_SCRIPT_SANDBOXING = YES;
				GCC_C_LANGUAGE_STANDARD = gnu17;
				GCC_DYNAMIC_NO_PIC = NO;
				GCC_NO_COMMON_BLOCKS = YES;
				GCC_OPTIMIZATION_LEVEL = 0;
				GCC_PREPROCESSOR_DEFINITIONS = (
					"DEBUG=1",
					"$(inherited)",
				);
				GCC_WARN_64_TO_32_BIT_CONVERSION = YES;
				GCC_WARN_ABOUT_RETURN_TYPE = YES_ERROR;
				GCC_WARN_UNDECLARED_SELECTOR = YES;
				GCC_WARN_UNINITIALIZED_AUTOS = YES_AGGRESSIVE;
				GCC_WARN_UNUSED_FUNCTION = YES;
				GCC_WARN_UNUSED_VARIABLE = YES;
				LOCALIZATION_PREFERS_STRING_CATALOGS = YES;
				MACOSX_DEPLOYMENT_TARGET = 13.0;
				MTL_ENABLE_DEBUG_INFO = INCLUDE_SOURCE;
				MTL_FAST_MATH = YES;
				ONLY_ACTIVE_ARCH = YES;
				SDKROOT = macosx;
				SWIFT_ACTIVE_COMPILATION_CONDITIONS = "DEBUG $(inherited)";
				SWIFT_OPTIMIZATION_LEVEL = "-Onone";
			};
			name = Debug;
		};
		49FF39CF301FE15700A80237 /* Release */ = {
			isa = XCBuildConfiguration;
			buildSettings = {
				ALWAYS_SEARCH_USER_PATHS = NO;
				ASSETCATALOG_COMPILER_GENERATE_SWIFT_ASSET_SYMBOL_EXTENSIONS = YES;
				CLANG_ANALYZER_NONNULL = YES;
				CLANG_ANALYZER_NUMBER_OBJECT_CONVERSION = YES_AGGRESSIVE;
				CLANG_CXX_LANGUAGE_STANDARD = "gnu++20";
				CLANG_ENABLE_MODULES = YES;
				CLANG_ENABLE_OBJC_ARC = YES;
				CLANG_ENABLE_OBJC_WEAK = YES;
				CLANG_WARN_BLOCK_CAPTURE_AUTORELEASING = YES;
				CLANG_WARN_BOOL_CONVERSION = YES;
				CLANG_WARN_COMMA = YES;
				CLANG_WARN_CONSTANT_CONVERSION = YES;
				CLANG_WARN_DEPRECATED_OBJC_IMPLEMENTATIONS = YES;
				CLANG_WARN_DIRECT_OBJC_ISA_USAGE = YES_ERROR;
				CLANG_WARN_DOCUMENTATION_COMMENTS = YES;
				CLANG_WARN_EMPTY_BODY = YES;
				CLANG_WARN_ENUM_CONVERSION = YES;
				CLANG_WARN_INFINITE_RECURSION = YES;
				CLANG_WARN_INT_CONVERSION = YES;
				CLANG_WARN_NON_LITERAL_NULL_CONVERSION = YES;
				CLANG_WARN_OBJC_IMPLICIT_RETAIN_SELF = YES;
				CLANG_WARN_OBJC_LITERAL_CONVERSION = YES;
				CLANG_WARN_OBJC_ROOT_CLASS = YES_ERROR;
				CLANG_WARN_QUOTED_INCLUDE_IN_FRAMEWORK_HEADER = YES;
				CLANG_WARN_RANGE_LOOP_ANALYSIS = YES;
				CLANG_WARN_STRICT_PROTOTYPES = YES;
				CLANG_WARN_SUSPICIOUS_MOVE = YES;
				CLANG_WARN_UNGUARDED_AVAILABILITY = YES_AGGRESSIVE;
				CLANG_WARN_UNREACHABLE_CODE = YES;
				CLANG_WARN__DUPLICATE_METHOD_MATCH = YES;
				COPY_PHASE_STRIP = NO;
				DEBUG_INFORMATION_FORMAT = "dwarf-with-dsym";
				ENABLE_NS_ASSERTIONS = NO;
				ENABLE_STRICT_OBJC_MSGSEND = YES;
				ENABLE_USER_SCRIPT_SANDBOXING = YES;
				GCC_C_LANGUAGE_STANDARD = gnu17;
				GCC_NO_COMMON_BLOCKS = YES;
				GCC_WARN_64_TO_32_BIT_CONVERSION = YES;
				GCC_WARN_ABOUT_RETURN_TYPE = YES_ERROR;
				GCC_WARN_UNDECLARED_SELECTOR = YES;
				GCC_WARN_UNINITIALIZED_AUTOS = YES_AGGRESSIVE;
				GCC_WARN_UNUSED_FUNCTION = YES;
				GCC_WARN_UNUSED_VARIABLE = YES;
				LOCALIZATION_PREFERS_STRING_CATALOGS = YES;
				MACOSX_DEPLOYMENT_TARGET = 13.0;
				MTL_ENABLE_DEBUG_INFO = NO;
				MTL_FAST_MATH = YES;
				SDKROOT = macosx;
				SWIFT_COMPILATION_MODE = wholemodule;
			};
			name = Release;
		};
		49FF39D1301FE15700A80237 /* Debug */ = {
			isa = XCBuildConfiguration;
			buildSettings = {
				CODE_SIGN_ENTITLEMENTS = "Jangolova Extension/Jangolova_Extension.entitlements";
				CODE_SIGN_STYLE = Automatic;
				CURRENT_PROJECT_VERSION = 1;
				ENABLE_HARDENED_RUNTIME = YES;
				GENERATE_INFOPLIST_FILE = YES;
				INFOPLIST_FILE = "Jangolova Extension/Info.plist";
				INFOPLIST_KEY_CFBundleDisplayName = "Cymonkey Browser Extension";
				INFOPLIST_KEY_NSHumanReadableCopyright = "";
				LD_RUNPATH_SEARCH_PATHS = (
					"$(inherited)",
					"@executable_path/../Frameworks",
					"@executable_path/../../../../Frameworks",
				);
				MACOSX_DEPLOYMENT_TARGET = 13.0;
				MARKETING_VERSION = 1.0;
				OTHER_LDFLAGS = (
					"-framework",
					SafariServices,
				);
				PRODUCT_BUNDLE_IDENTIFIER = dev.jangolova.Jangolova.Extension;
				PRODUCT_NAME = "$(TARGET_NAME)";
				SKIP_INSTALL = YES;
				SWIFT_EMIT_LOC_STRINGS = YES;
				SWIFT_VERSION = 5.0;
			};
			name = Debug;
		};
		49FF39D2301FE15700A80237 /* Release */ = {
			isa = XCBuildConfiguration;
			buildSettings = {
				CODE_SIGN_ENTITLEMENTS = "Jangolova Extension/Jangolova_Extension.entitlements";
				CODE_SIGN_STYLE = Automatic;
				CURRENT_PROJECT_VERSION = 1;
				ENABLE_HARDENED_RUNTIME = YES;
				GENERATE_INFOPLIST_FILE = YES;
				INFOPLIST_FILE = "Jangolova Extension/Info.plist";
				INFOPLIST_KEY_CFBundleDisplayName = "Cymonkey Browser Extension";
				INFOPLIST_KEY_NSHumanReadableCopyright = "";
				LD_RUNPATH_SEARCH_PATHS = (
					"$(inherited)",
					"@executable_path/../Frameworks",
					"@executable_path/../../../../Frameworks",
				);
				MACOSX_DEPLOYMENT_TARGET = 13.0;
				MARKETING_VERSION = 1.0;
				OTHER_LDFLAGS = (
					"-framework",
					SafariServices,
				);
				PRODUCT_BUNDLE_IDENTIFIER = dev.jangolova.Jangolova.Extension;
				PRODUCT_NAME = "$(TARGET_NAME)";
				SKIP_INSTALL = YES;
				SWIFT_EMIT_LOC_STRINGS = YES;
				SWIFT_VERSION = 5.0;
			};
			name = Release;
		};
		49FF39D5301FE15700A80237 /* Debug */ = {
			isa = XCBuildConfiguration;
			buildSettings = {
				ASSETCATALOG_COMPILER_APPICON_NAME = AppIcon;
				ASSETCATALOG_COMPILER_GLOBAL_ACCENT_COLOR_NAME = AccentColor;
				CODE_SIGN_ENTITLEMENTS = Jangolova/Jangolova.entitlements;
				CODE_SIGN_STYLE = Automatic;
				COMBINE_HIDPI_IMAGES = YES;
				CURRENT_PROJECT_VERSION = 1;
				ENABLE_HARDENED_RUNTIME = YES;
				GENERATE_INFOPLIST_FILE = YES;
				INFOPLIST_FILE = Jangolova/Info.plist;
				INFOPLIST_KEY_CFBundleDisplayName = Cymonkey;
				INFOPLIST_KEY_NSHumanReadableCopyright = "";
				INFOPLIST_KEY_NSMainStoryboardFile = Main;
				INFOPLIST_KEY_NSPrincipalClass = NSApplication;
				LD_RUNPATH_SEARCH_PATHS = (
					"$(inherited)",
					"@executable_path/../Frameworks",
				);
				MACOSX_DEPLOYMENT_TARGET = 13.0;
				MARKETING_VERSION = 1.0;
				OTHER_LDFLAGS = (
					"-framework",
					SafariServices,
					"-framework",
					WebKit,
				);
				PRODUCT_BUNDLE_IDENTIFIER = dev.jangolova.Jangolova;
				PRODUCT_NAME = "$(TARGET_NAME)";
				SWIFT_EMIT_LOC_STRINGS = YES;
				SWIFT_VERSION = 5.0;
			};
			name = Debug;
		};
		49FF39D6301FE15700A80237 /* Release */ = {
			isa = XCBuildConfiguration;
			buildSettings = {
				ASSETCATALOG_COMPILER_APPICON_NAME = AppIcon;
				ASSETCATALOG_COMPILER_GLOBAL_ACCENT_COLOR_NAME = AccentColor;
				CODE_SIGN_ENTITLEMENTS = Jangolova/Jangolova.entitlements;
				CODE_SIGN_STYLE = Automatic;
				COMBINE_HIDPI_IMAGES = YES;
				CURRENT_PROJECT_VERSION = 1;
				ENABLE_HARDENED_RUNTIME = YES;
				GENERATE_INFOPLIST_FILE = YES;
				INFOPLIST_FILE = Jangolova/Info.plist;
				INFOPLIST_KEY_CFBundleDisplayName = Cymonkey;
				INFOPLIST_KEY_NSHumanReadableCopyright = "";
				INFOPLIST_KEY_NSMainStoryboardFile = Main;
				INFOPLIST_KEY_NSPrincipalClass = NSApplication;
				LD_RUNPATH_SEARCH_PATHS = (
					"$(inherited)",
					"@executable_path/../Frameworks",
				);
				MACOSX_DEPLOYMENT_TARGET = 13.0;
				MARKETING_VERSION = 1.0;
				OTHER_LDFLAGS = (
					"-framework",
					SafariServices,
					"-framework",
					WebKit,
				);
				PRODUCT_BUNDLE_IDENTIFIER = dev.jangolova.Jangolova;
				PRODUCT_NAME = "$(TARGET_NAME)";
				SWIFT_EMIT_LOC_STRINGS = YES;
				SWIFT_VERSION = 5.0;
			};
			name = Release;
		};
		49FF39D8301FE15700A80237 /* Debug */ = {
			isa = XCBuildConfiguration;
			buildSettings = {
				BUNDLE_LOADER = "$(TEST_HOST)";
				CODE_SIGN_STYLE = Automatic;
				CURRENT_PROJECT_VERSION = 1;
				GENERATE_INFOPLIST_FILE = YES;
				MACOSX_DEPLOYMENT_TARGET = 13.0;
				MARKETING_VERSION = 1.0;
				PRODUCT_BUNDLE_IDENTIFIER = dev.jangolova.JangolovaTests;
				PRODUCT_NAME = "$(TARGET_NAME)";
				SWIFT_EMIT_LOC_STRINGS = NO;
				SWIFT_VERSION = 5.0;
				TEST_HOST = "$(BUILT_PRODUCTS_DIR)/Jangolova.app/$(BUNDLE_EXECUTABLE_FOLDER_PATH)/Jangolova";
			};
			name = Debug;
		};
		49FF39D9301FE15700A80237 /* Release */ = {
			isa = XCBuildConfiguration;
			buildSettings = {
				BUNDLE_LOADER = "$(TEST_HOST)";
				CODE_SIGN_STYLE = Automatic;
				CURRENT_PROJECT_VERSION = 1;
				GENERATE_INFOPLIST_FILE = YES;
				MACOSX_DEPLOYMENT_TARGET = 13.0;
				MARKETING_VERSION = 1.0;
				PRODUCT_BUNDLE_IDENTIFIER = dev.jangolova.JangolovaTests;
				PRODUCT_NAME = "$(TARGET_NAME)";
				SWIFT_EMIT_LOC_STRINGS = NO;
				SWIFT_VERSION = 5.0;
				TEST_HOST = "$(BUILT_PRODUCTS_DIR)/Jangolova.app/$(BUNDLE_EXECUTABLE_FOLDER_PATH)/Jangolova";
			};
			name = Release;
		};
		49FF39DB301FE15700A80237 /* Debug */ = {
			isa = XCBuildConfiguration;
			buildSettings = {
				CODE_SIGN_STYLE = Automatic;
				CURRENT_PROJECT_VERSION = 1;
				GENERATE_INFOPLIST_FILE = YES;
				MARKETING_VERSION = 1.0;
				PRODUCT_BUNDLE_IDENTIFIER = dev.jangolova.JangolovaUITests;
				PRODUCT_NAME = "$(TARGET_NAME)";
				SWIFT_EMIT_LOC_STRINGS = NO;
				SWIFT_VERSION = 5.0;
				TEST_TARGET_NAME = Jangolova;
			};
			name = Debug;
		};
		49FF39DC301FE15700A80237 /* Release */ = {
			isa = XCBuildConfiguration;
			buildSettings = {
				CODE_SIGN_STYLE = Automatic;
				CURRENT_PROJECT_VERSION = 1;
				GENERATE_INFOPLIST_FILE = YES;
				MARKETING_VERSION = 1.0;
				PRODUCT_BUNDLE_IDENTIFIER = dev.jangolova.JangolovaUITests;
				PRODUCT_NAME = "$(TARGET_NAME)";
				SWIFT_EMIT_LOC_STRINGS = NO;
				SWIFT_VERSION = 5.0;
				TEST_TARGET_NAME = Jangolova;
			};
			name = Release;
		};
/* End XCBuildConfiguration section */

/* Begin XCConfigurationList section */
		49FF398D301FE15500A80237 /* Build configuration list for PBXProject "Jangolova" */ = {
			isa = XCConfigurationList;
			buildConfigurations = (
				49FF39CE301FE15700A80237 /* Debug */,
				49FF39CF301FE15700A80237 /* Release */,
			);
			defaultConfigurationIsVisible = 0;
			defaultConfigurationName = Release;
		};
		49FF39D0301FE15700A80237 /* Build configuration list for PBXNativeTarget "Jangolova Extension" */ = {
			isa = XCConfigurationList;
			buildConfigurations = (
				49FF39D1301FE15700A80237 /* Debug */,
				49FF39D2301FE15700A80237 /* Release */,
			);
			defaultConfigurationIsVisible = 0;
			defaultConfigurationName = Release;
		};
		49FF39D4301FE15700A80237 /* Build configuration list for PBXNativeTarget "Jangolova" */ = {
			isa = XCConfigurationList;
			buildConfigurations = (
				49FF39D5301FE15700A80237 /* Debug */,
				49FF39D6301FE15700A80237 /* Release */,
			);
			defaultConfigurationIsVisible = 0;
			defaultConfigurationName = Release;
		};
		49FF39D7301FE15700A80237 /* Build configuration list for PBXNativeTarget "JangolovaTests" */ = {
			isa = XCConfigurationList;
			buildConfigurations = (
				49FF39D8301FE15700A80237 /* Debug */,
				49FF39D9301FE15700A80237 /* Release */,
			);
			defaultConfigurationIsVisible = 0;
			defaultConfigurationName = Release;
		};
		49FF39DA301FE15700A80237 /* Build configuration list for PBXNativeTarget "JangolovaUITests" */ = {
			isa = XCConfigurationList;
			buildConfigurations = (
				49FF39DB301FE15700A80237 /* Debug */,
				49FF39DC301FE15700A80237 /* Release */,
			);
			defaultConfigurationIsVisible = 0;
			defaultConfigurationName = Release;
		};
/* End XCConfigurationList section */

/* Begin XCLocalSwiftPackageReference section */
		A10000000000000000000002 /* XCLocalSwiftPackageReference "macos-ext" */ = {
			isa = XCLocalSwiftPackageReference;
			relativePath = "../..";
		};
/* End XCLocalSwiftPackageReference section */

/* Begin XCSwiftPackageProductDependency section */
		A10000000000000000000003 /* JangolovaMacCore */ = {
			isa = XCSwiftPackageProductDependency;
			package = A10000000000000000000002 /* XCLocalSwiftPackageReference "macos-ext" */;
			productName = JangolovaMacCore;
		};
/* End XCSwiftPackageProductDependency section */
	};
	rootObject = 49FF398A301FE15500A80237 /* Project object */;
}
